// !$*UTF8*$!
{
	archiveVersion = 1;
	classes = {
	};
	objectVersion = 46;
	objects = {

/* Begin PBXBuildFile section */
		DB2BF9931B9CD05D006A9DAC /* animalNameCell.swift in Sources */ = {isa = PBXBuildFile; fileRef = DB2BF9921B9CD05D006A9DAC /* animalNameCell.swift */; };
		DB2BF9951B9CD074006A9DAC /* animalFarmList.swift in Sources */ = {isa = PBXBuildFile; fileRef = DB2BF9941B9CD074006A9DAC /* animalFarmList.swift */; };
		DBEFD64B1B9CCA9E0045FCD1 /* AppDelegate.swift in Sources */ = {isa = PBXBuildFile; fileRef = DBEFD64A1B9CCA9E0045FCD1 /* AppDelegate.swift */; };
		DBEFD64D1B9CCA9E0045FCD1 /* ViewController.swift in Sources */ = {isa = PBXBuildFile; fileRef = DBEFD64C1B9CCA9E0045FCD1 /* ViewController.swift */; };
		DBEFD6501B9CCA9E0045FCD1 /* Main.storyboard in Resources */ = {isa = PBXBuildFile; fileRef = DBEFD64E1B9CCA9E0045FCD1 /* Main.storyboard */; };
		DBEFD6531B9CCA9E0045FCD1 /* animalFarm.xcdatamodeld in Sources */ = {isa = PBXBuildFile; fileRef = DBEFD6511B9CCA9E0045FCD1 /* animalFarm.xcdatamodeld */; };
		DBEFD6551B9CCA9E0045FCD1 /* Assets.xcassets in Resources */ = {isa = PBXBuildFile; fileRef = DBEFD6541B9CCA9E0045FCD1 /* Assets.xcassets */; };
		DBEFD6581B9CCA9E0045FCD1 /* LaunchScreen.storyboard in Resources */ = {isa = PBXBuildFile; fileRef = DBEFD6561B9CCA9E0045FCD1 /* LaunchScreen.storyboard */; };
		DBEFD6631B9CCA9E0045FCD1 /* animalFarmTests.swift in Sources */ = {isa = PBXBuildFile; fileRef = DBEFD6621B9CCA9E0045FCD1 /* animalFarmTests.swift */; };
		DBEFD66E1B9CCA9E0045FCD1 /* animalFarmUITests.swift in Sources */ = {isa = PBXBuildFile; fileRef = DBEFD66D1B9CCA9E0045FCD1 /* animalFarmUITests.swift */; };
/* End PBXBuildFile section */

/* Begin PBXContainerItemProxy section */
		DBEFD65F1B9CCA9E0045FCD1 /* PBXContainerItemProxy */ = {
			isa = PBXContainerItemProxy;
			containerPortal = DBEFD63F1B9CCA9E0045FCD1 /* Project object */;
			proxyType = 1;
			remoteGlobalIDString = DBEFD6461B9CCA9E0045FCD1;
			remoteInfo = animalFarm;
		};
		DBEFD66A1B9CCA9E0045FCD1 /* PBXContainerItemProxy */ = {
			isa = PBXContainerItemProxy;
			containerPortal = DBEFD63F1B9CCA9E0045FCD1 /* Project object */;
			proxyType = 1;
			remoteGlobalIDString = DBEFD6461B9CCA9E0045FCD1;
			remoteInfo = animalFarm;
		};
/* End PBXContainerItemProxy section */

/* Begin PBXFileReference section */
		DB2BF9921B9CD05D006A9DAC /* animalNameCell.swift */ = {isa = PBXFileReference; fileEncoding = 4; lastKnownFileType = sourcecode.swift; path = animalNameCell.swift; sourceTree = "<group>"; };
		DB2BF9941B9CD074006A9DAC /* animalFarmList.swift */ = {isa = PBXFileReference; fileEncoding = 4; lastKnownFileType = sourcecode.swift; path = animalFarmList.swift; sourceTree = "<group>"; };
		DBEFD6471B9CCA9E0045FCD1 /* animalFarm.app */ = {isa = PBXFileReference; explicitFileType = wrapper.application; includeInIndex = 0; path = animalFarm.app; sourceTree = BUILT_PRODUCTS_DIR; };
		DBEFD64A1B9CCA9E0045FCD1 /* AppDelegate.swift */ = {isa = PBXFileReference; lastKnownFileType = sourcecode.swift; path = AppDelegate.swift; sourceTree = "<group>"; };
		DBEFD64C1B9CCA9E0045FCD1 /* ViewController.swift */ = {isa = PBXFileReference; lastKnownFileType = sourcecode.swift; path = ViewController.swift; sourceTree = "<group>"; };
		DBEFD64F1B9CCA9E0045FCD1 /* Base */ = {isa = PBXFileReference; lastKnownFileType = file.storyboard; name = Base; path = Base.lproj/Main.storyboard; sourceTree = "<group>"; };
		DBEFD6521B9CCA9E0045FCD1 /* animalFarm.xcdatamodel */ = {isa = PBXFileReference; lastKnownFileType = wrapper.xcdatamodel; path = animalFarm.xcdatamodel; sourceTree = "<group>"; };
		DBEFD6541B9CCA9E0045FCD1 /* Assets.xcassets */ = {isa = PBXFileReference; lastKnownFileType = folder.assetcatalog; path = Assets.xcassets; sourceTree = "<group>"; };
		DBEFD6571B9CCA9E0045FCD1 /* Base */ = {isa = PBXFileReference; lastKnownFileType = file.storyboard; name = Base; path = Base.lproj/LaunchScreen.storyboard; sourceTree = "<group>"; };
		DBEFD6591B9CCA9E0045FCD1 /* Info.plist */ = {isa = PBXFileReference; lastKnownFileType = text.plist.xml; path = Info.plist; sourceTree = "<group>"; };
		DBEFD65E1B9CCA9E0045FCD1 /* animalFarmTests.xctest */ = {isa = PBXFileReference; explicitFileType = wrapper.cfbundle; includeInIndex = 0; path = animalFarmTests.xctest; sourceTree = BUILT_PRODUCTS_DIR; };
		DBEFD6621B9CCA9E0045FCD1 /* animalFarmTests.swift */ = {isa = PBXFileReference; lastKnownFileType = sourcecode.swift; path = animalFarmTests.swift; sourceTree = "<group>"; };
		DBEFD6641B9CCA9E0045FCD1 /* Info.plist */ = {isa = PBXFileReference; lastKnownFileType = text.plist.xml; path = Info.plist; sourceTree = "<group>"; };
		DBEFD6691B9CCA9E0045FCD1 /* animalFarmUITests.xctest */ = {isa = PBXFileReference; explicitFileType = wrapper.cfbundle; includeInIndex = 0; path = animalFarmUITests.xctest; sourceTree = BUILT_PRODUCTS_DIR; };
		DBEFD66D1B9CCA9E0045FCD1 /* animalFarmUITests.swift */ = {isa = PBXFileReference; lastKnownFileType = sourcecode.swift; path = animalFarmUITests.swift; sourceTree = "<group>"; };
		DBEFD66F1B9CCA9E0045FCD1 /* Info.plist */ = {isa = PBXFileReference; lastKnownFileType = text.plist.xml; path = Info.plist; sourceTree = "<group>"; };
/* End PBXFileReference section */

/* Begin PBXFrameworksBuildPhase section */
		DBEFD6441B9CCA9E0045FCD1 /* Frameworks */ = {
			isa = PBXFrameworksBuildPhase;
			buildActionMask = 2147483647;
			files = (
			);
			runOnlyForDeploymentPostprocessing = 0;
		};
		DBEFD65B1B9CCA9E0045FCD1 /* Frameworks */ = {
			isa = PBXFrameworksBuildPhase;
			buildActionMask = 2147483647;
			files = (
			);
			runOnlyForDeploymentPostprocessing = 0;
		};
		DBEFD6661B9CCA9E0045FCD1 /* Frameworks */ = {
			isa = PBXFrameworksBuildPhase;
			buildActionMask = 2147483647;
			files = (
			);
			runOnlyForDeploymentPostprocessing = 0;
		};
/* End PBXFrameworksBuildPhase section */

/* Begin PBXGroup section */
		DB2BF9961B9CD1AE006A9DAC /* Supporting Files */ = {
			isa = PBXGroup;
			children = (
				DB2BF9941B9CD074006A9DAC /* animalFarmList.swift */,
				DB2BF9921B9CD05D006A9DAC /* animalNameCell.swift */,
			);
			name = "Supporting Files";
			sourceTree = "<group>";
		};
		DBEFD63E1B9CCA9E0045FCD1 = {
			isa = PBXGroup;
			children = (
				DBEFD6491B9CCA9E0045FCD1 /* animalFarm */,
				DBEFD6611B9CCA9E0045FCD1 /* animalFarmTests */,
				DBEFD66C1B9CCA9E0045FCD1 /* animalFarmUITests */,
				DBEFD6481B9CCA9E0045FCD1 /* Products */,
			);
			sourceTree = "<group>";
		};
		DBEFD6481B9CCA9E0045FCD1 /* Products */ = {
			isa = PBXGroup;
			children = (
				DBEFD6471B9CCA9E0045FCD1 /* animalFarm.app */,
				DBEFD65E1B9CCA9E0045FCD1 /* animalFarmTests.xctest */,
				DBEFD6691B9CCA9E0045FCD1 /* animalFarmUITests.xctest */,
			);
			name = Products;
			sourceTree = "<group>";
		};
		DBEFD6491B9CCA9E0045FCD1 /* animalFarm */ = {
			isa = PBXGroup;
			children = (
				DBEFD64A1B9CCA9E0045FCD1 /* AppDelegate.swift */,
				DBEFD64C1B9CCA9E0045FCD1 /* ViewController.swift */,
				DBEFD64E1B9CCA9E0045FCD1 /* Main.storyboard */,
				DB2BF9961B9CD1AE006A9DAC /* Supporting Files */,
				DBEFD6541B9CCA9E0045FCD1 /* Assets.xcassets */,
				DBEFD6561B9CCA9E0045FCD1 /* LaunchScreen.storyboard */,
				DBEFD6591B9CCA9E0045FCD1 /* Info.plist */,
				DBEFD6511B9CCA9E0045FCD1 /* animalFarm.xcdatamodeld */,
			);
			path = animalFarm;
			sourceTree = "<group>";
		};
		DBEFD6611B9CCA9E0045FCD1 /* animalFarmTests */ = {
			isa = PBXGroup;
			children = (
				DBEFD6621B9CCA9E0045FCD1 /* animalFarmTests.swift */,
				DBEFD6641B9CCA9E0045FCD1 /* Info.plist */,
			);
			path = animalFarmTests;
			sourceTree = "<group>";
		};
		DBEFD66C1B9CCA9E0045FCD1 /* animalFarmUITests */ = {
			isa = PBXGroup;
			children = (
				DBEFD66D1B9CCA9E0045FCD1 /* animalFarmUITests.swift */,
				DBEFD66F1B9CCA9E0045FCD1 /* Info.plist */,
			);
			path = animalFarmUITests;
			sourceTree = "<group>";
		};
/* End PBXGroup section */

/* Begin PBXNativeTarget section */
		DBEFD6461B9CCA9E0045FCD1 /* animalFarm */ = {
			isa = PBXNativeTarget;
			buildConfigurationList = DBEFD6721B9CCA9E0045FCD1 /* Build configuration list for PBXNativeTarget "animalFarm" */;
			buildPhases = (
				DBEFD6431B9CCA9E0045FCD1 /* Sources */,
				DBEFD6441B9CCA9E0045FCD1 /* Frameworks */,
				DBEFD6451B9CCA9E0045FCD1 /* Resources */,
			);
			buildRules = (
			);
			dependencies = (
			);
			name = animalFarm;
			productName = animalFarm;
			productReference = DBEFD6471B9CCA9E0045FCD1 /* animalFarm.app */;
			productType = "com.apple.product-type.application";
		};
		DBEFD65D1B9CCA9E0045FCD1 /* animalFarmTests */ = {
			isa = PBXNativeTarget;
			buildConfigurationList = DBEFD6751B9CCA9E0045FCD1 /* Build configuration list for PBXNativeTarget "animalFarmTests" */;
			buildPhases = (
				DBEFD65A1B9CCA9E0045FCD1 /* Sources */,
				DBEFD65B1B9CCA9E0045FCD1 /* Frameworks */,
				DBEFD65C1B9CCA9E0045FCD1 /* Resources */,
			);
			buildRules = (
			);
			dependencies = (
				DBEFD6601B9CCA9E0045FCD1 /* PBXTargetDependency */,
			);
			name = animalFarmTests;
			productName = animalFarmTests;
			productReference = DBEFD65E1B9CCA9E0045FCD1 /* animalFarmTests.xctest */;
			productType = "com.apple.product-type.bundle.unit-test";
		};
		DBEFD6681B9CCA9E0045FCD1 /* animalFarmUITests */ = {
			isa = PBXNativeTarget;
			buildConfigurationList = DBEFD6781B9CCA9E0045FCD1 /* Build configuration list for PBXNativeTarget "animalFarmUITests" */;
			buildPhases = (
				DBEFD6651B9CCA9E0045FCD1 /* Sources */,
				DBEFD6661B9CCA9E0045FCD1 /* Frameworks */,
				DBEFD6671B9CCA9E0045FCD1 /* Resources */,
			);
			buildRules = (
			);
			dependencies = (
				DBEFD66B1B9CCA9E0045FCD1 /* PBXTargetDependency */,
			);
			name = animalFarmUITests;
			productName = animalFarmUITests;
			productReference = DBEFD6691B9CCA9E0045FCD1 /* animalFarmUITests.xctest */;
			productType = "com.apple.product-type.bundle.ui-testing";
		};
/* End PBXNativeTarget section */

/* Begin PBXProject section */
		DBEFD63F1B9CCA9E0045FCD1 /* Project object */ = {
			isa = PBXProject;
			attributes = {
				LastUpgradeCheck = 0700;
				ORGANIZATIONNAME = "Marcy Regalado";
				TargetAttributes = {
					DBEFD6461B9CCA9E0045FCD1 = {
						CreatedOnToolsVersion = 7.0;
					};
					DBEFD65D1B9CCA9E0045FCD1 = {
						CreatedOnToolsVersion = 7.0;
						TestTargetID = DBEFD6461B9CCA9E0045FCD1;
					};
					DBEFD6681B9CCA9E0045FCD1 = {
						CreatedOnToolsVersion = 7.0;
						TestTargetID = DBEFD6461B9CCA9E0045FCD1;
					};
				};
			};
			buildConfigurationList = DBEFD6421B9CCA9E0045FCD1 /* Build configuration list for PBXProject "animalFarm" */;
			compatibilityVersion = "Xcode 3.2";
			developmentRegion = English;
			hasScannedForEncodings = 0;
			knownRegions = (
				en,
				Base,
			);
			mainGroup = DBEFD63E1B9CCA9E0045FCD1;
			productRefGroup = DBEFD6481B9CCA9E0045FCD1 /* Products */;
			projectDirPath = "";
			projectRoot = "";
			targets = (
				DBEFD6461B9CCA9E0045FCD1 /* animalFarm */,
				DBEFD65D1B9CCA9E0045FCD1 /* animalFarmTests */,
				DBEFD6681B9CCA9E0045FCD1 /* animalFarmUITests */,
			);
		};
/* End PBXProject section */

/* Begin PBXResourcesBuildPhase section */
		DBEFD6451B9CCA9E0045FCD1 /* Resources */ = {
			isa = PBXResourcesBuildPhase;
			buildActionMask = 2147483647;
			files = (
				DBEFD6581B9CCA9E0045FCD1 /* LaunchScreen.storyboard in Resources */,
				DBEFD6551B9CCA9E0045FCD1 /* Assets.xcassets in Resources */,
				DBEFD6501B9CCA9E0045FCD1 /* Main.storyboard in Resources */,
			);
			runOnlyForDeploymentPostprocessing = 0;
		};
		DBEFD65C1B9CCA9E0045FCD1 /* Resources */ = {
			isa = PBXResourcesBuildPhase;
			buildActionMask = 2147483647;
			files = (
			);
			runOnlyForDeploymentPostprocessing = 0;
		};
		DBEFD6671B9CCA9E0045FCD1 /* Resources */ = {
			isa = PBXResourcesBuildPhase;
			buildActionMask = 2147483647;
			files = (
			);
			runOnlyForDeploymentPostprocessing = 0;
		};
/* End PBXResourcesBuildPhase section */

/* Begin PBXSourcesBuildPhase section */
		DBEFD6431B9CCA9E0045FCD1 /* Sources */ = {
			isa = PBXSourcesBuildPhase;
			buildActionMask = 2147483647;
			files = (
				DBEFD64D1B9CCA9E0045FCD1 /* ViewController.swift in Sources */,
				DB2BF9951B9CD074006A9DAC /* animalFarmList.swift in Sources */,
				DBEFD6531B9CCA9E0045FCD1 /* animalFarm.xcdatamodeld in Sources */,
				DB2BF9931B9CD05D006A9DAC /* animalNameCell.swift in Sources */,
				DBEFD64B1B9CCA9E0045FCD1 /* AppDelegate.swift in Sources */,
			);
			runOnlyForDeploymentPostprocessing = 0;
		};
		DBEFD65A1B9CCA9E0045FCD1 /* Sources */ = {
			isa = PBXSourcesBuildPhase;
			buildActionMask = 2147483647;
			files = (
				DBEFD6631B9CCA9E0045FCD1 /* animalFarmTests.swift in Sources */,
			);
			runOnlyForDeploymentPostprocessing = 0;
		};
		DBEFD6651B9CCA9E0045FCD1 /* Sources */ = {
			isa = PBXSourcesBuildPhase;
			buildActionMask = 2147483647;
			files = (
				DBEFD66E1B9CCA9E0045FCD1 /* animalFarmUITests.swift in Sources */,
			);
			runOnlyForDeploymentPostprocessing = 0;
		};
/* End PBXSourcesBuildPhase section */

/* Begin PBXTargetDependency section */
		DBEFD6601B9CCA9E0045FCD1 /* PBXTargetDependency */ = {
			isa = PBXTargetDependency;
			target = DBEFD6461B9CCA9E0045FCD1 /* animalFarm */;
			targetProxy = DBEFD65F1B9CCA9E0045FCD1 /* PBXContainerItemProxy */;
		};
		DBEFD66B1B9CCA9E0045FCD1 /* PBXTargetDependency */ = {
			isa = PBXTargetDependency;
			target = DBEFD6461B9CCA9E0045FCD1 /* animalFarm */;
			targetProxy = DBEFD66A1B9CCA9E0045FCD1 /* PBXContainerItemProxy */;
		};
/* End PBXTargetDependency section */

/* Begin PBXVariantGroup section */
		DBEFD64E1B9CCA9E0045FCD1 /* Main.storyboard */ = {
			isa = PBXVariantGroup;
			children = (
				DBEFD64F1B9CCA9E0045FCD1 /* Base */,
			);
			name = Main.storyboard;
			sourceTree = "<group>";
		};
		DBEFD6561B9CCA9E0045FCD1 /* LaunchScreen.storyboard */ = {
			isa = PBXVariantGroup;
			children = (
				DBEFD6571B9CCA9E0045FCD1 /* Base */,
			);
			name = LaunchScreen.storyboard;
			sourceTree = "<group>";
		};
/* End PBXVariantGroup section */

/* Begin XCBuildConfiguration section */
		DBEFD6701B9CCA9E0045FCD1 /* Debug */ = {
			isa = XCBuildConfiguration;
			buildSettings = {
				ALWAYS_SEARCH_USER_PATHS = NO;
				CLANG_CXX_LANGUAGE_STANDARD = "gnu++0x";
				CLANG_CXX_LIBRARY = "libc++";
				CLANG_ENABLE_MODULES = YES;
				CLANG_ENABLE_OBJC_ARC = YES;
				CLANG_WARN_BOOL_CONVERSION = YES;
				CLANG_WARN_CONSTANT_CONVERSION = YES;
				CLANG_WARN_DIRECT_OBJC_ISA_USAGE = YES_ERROR;
				CLANG_WARN_EMPTY_BODY = YES;
				CLANG_WARN_ENUM_CONVERSION = YES;
				CLANG_WARN_INT_CONVERSION = YES;
				CLANG_WARN_OBJC_ROOT_CLASS = YES_ERROR;
				CLANG_WARN_UNREACHABLE_CODE = YES;
				CLANG_WARN__DUPLICATE_METHOD_MATCH = YES;
				"CODE_SIGN_IDENTITY[sdk=iphoneos*]" = "iPhone Developer";
				COPY_PHASE_STRIP = NO;
				DEBUG_INFORMATION_FORMAT = dwarf;
				ENABLE_STRICT_OBJC_MSGSEND = YES;
				ENABLE_TESTABILITY = YES;
				GCC_C_LANGUAGE_STANDARD = gnu99;
				GCC_DYNAMIC_NO_PIC = NO;
				GCC_NO_COMMON_BLOCKS = YES;
				GCC_OPTIMIZATION_LEVEL = 0;
				GCC_PREPROCESSOR_DEFINITIONS = (
					"DEBUG=1",
					"$(inherited)",
				);
				GCC_WARN_64_TO_32_BIT_CONVERSION = YES;
				GCC_WARN_ABOUT_RETURN_TYPE = YES_ERROR;
				GCC_WARN_UNDECLARED_SELECTOR = YES;
				GCC_WARN_UNINITIALIZED_AUTOS = YES_AGGRESSIVE;
				GCC_WARN_UNUSED_FUNCTION = YES;
				GCC_WARN_UNUSED_VARIABLE = YES;
				IPHONEOS_DEPLOYMENT_TARGET = 9.0;
				MTL_ENABLE_DEBUG_INFO = YES;
				ONLY_ACTIVE_ARCH = YES;
				SDKROOT = iphoneos;
				SWIFT_OPTIMIZATION_LEVEL = "-Onone";
				TARGETED_DEVICE_FAMILY = "1,2";
			};
			name = Debug;
		};
		DBEFD6711B9CCA9E0045FCD1 /* Release */ = {
			isa = XCBuildConfiguration;
			buildSettings = {
				ALWAYS_SEARCH_USER_PATHS = NO;
				CLANG_CXX_LANGUAGE_STANDARD = "gnu++0x";
				CLANG_CXX_LIBRARY = "libc++";
				CLANG_ENABLE_MODULES = YES;
				CLANG_ENABLE_OBJC_ARC = YES;
				CLANG_WARN_BOOL_CONVERSION = YES;
				CLANG_WARN_CONSTANT_CONVERSION = YES;
				CLANG_WARN_DIRECT_OBJC_ISA_USAGE = YES_ERROR;
				CLANG_WARN_EMPTY_BODY = YES;
				CLANG_WARN_ENUM_CONVERSION = YES;
				CLANG_WARN_INT_CONVERSION = YES;
				CLANG_WARN_OBJC_ROOT_CLASS = YES_ERROR;
				CLANG_WARN_UNREACHABLE_CODE = YES;
				CLANG_WARN__DUPLICATE_METHOD_MATCH = YES;
				"CODE_SIGN_IDENTITY[sdk=iphoneos*]" = "iPhone Developer";
				COPY_PHASE_STRIP = NO;
				DEBUG_INFORMATION_FORMAT = "dwarf-with-dsym";
				ENABLE_NS_ASSERTIONS = NO;
				ENABLE_STRICT_OBJC_MSGSEND = YES;
				GCC_C_LANGUAGE_STANDARD = gnu99;
				GCC_NO_COMMON_BLOCKS = YES;
				GCC_WARN_64_TO_32_BIT_CONVERSION = YES;
				GCC_WARN_ABOUT_RETURN_TYPE = YES_ERROR;
				GCC_WARN_UNDECLARED_SELECTOR = YES;
				GCC_WARN_UNINITIALIZED_AUTOS = YES_AGGRESSIVE;
				GCC_WARN_UNUSED_FUNCTION = YES;
				GCC_WARN_UNUSED_VARIABLE = YES;
				IPHONEOS_DEPLOYMENT_TARGET = 9.0;
				MTL_ENABLE_DEBUG_INFO = NO;
				SDKROOT = iphoneos;
				TARGETED_DEVICE_FAMILY = "1,2";
				VALIDATE_PRODUCT = YES;
			};
			name = Release;
		};
		DBEFD6731B9CCA9E0045FCD1 /* Debug */ = {
			isa = XCBuildConfiguration;
			buildSettings = {
				ASSETCATALOG_COMPILER_APPICON_NAME = AppIcon;
				INFOPLIST_FILE = animalFarm/Info.plist;
				LD_RUNPATH_SEARCH_PATHS = "$(inherited) @executable_path/Frameworks";
				PRODUCT_BUNDLE_IDENTIFIER = marcyregalado.animalFarm;
				PRODUCT_NAME = "$(TARGET_NAME)";
			};
			name = Debug;
		};
		DBEFD6741B9CCA9E0045FCD1 /* Release */ = {
			isa = XCBuildConfiguration;
			buildSettings = {
				ASSETCATALOG_COMPILER_APPICON_NAME = AppIcon;
				INFOPLIST_FILE = animalFarm/Info.plist;
				LD_RUNPATH_SEARCH_PATHS = "$(inherited) @executable_path/Frameworks";
				PRODUCT_BUNDLE_IDENTIFIER = marcyregalado.animalFarm;
				PRODUCT_NAME = "$(TARGET_NAME)";
			};
			name = Release;
		};
		DBEFD6761B9CCA9E0045FCD1 /* Debug */ = {
			isa = XCBuildConfiguration;
			buildSettings = {
				BUNDLE_LOADER = "$(TEST_HOST)";
				INFOPLIST_FILE = animalFarmTests/Info.plist;
				LD_RUNPATH_SEARCH_PATHS = "$(inherited) @executable_path/Frameworks @loader_path/Frameworks";
				PRODUCT_BUNDLE_IDENTIFIER = marcyregalado.animalFarmTests;
				PRODUCT_NAME = "$(TARGET_NAME)";
				TEST_HOST = "$(BUILT_PRODUCTS_DIR)/animalFarm.app/animalFarm";
			};
			name = Debug;
		};
		DBEFD6771B9CCA9E0045FCD1 /* Release */ = {
			isa = XCBuildConfiguration;
			buildSettings = {
				BUNDLE_LOADER = "$(TEST_HOST)";
				INFOPLIST_FILE = animalFarmTests/Info.plist;
				LD_RUNPATH_SEARCH_PATHS = "$(inherited) @executable_path/Frameworks @loader_path/Frameworks";
				PRODUCT_BUNDLE_IDENTIFIER = marcyregalado.animalFarmTests;
				PRODUCT_NAME = "$(TARGET_NAME)";
				TEST_HOST = "$(BUILT_PRODUCTS_DIR)/animalFarm.app/animalFarm";
			};
			name = Release;
		};
		DBEFD6791B9CCA9E0045FCD1 /* Debug */ = {
			isa = XCBuildConfiguration;
			buildSettings = {
				INFOPLIST_FILE = animalFarmUITests/Info.plist;
				LD_RUNPATH_SEARCH_PATHS = "$(inherited) @executable_path/Frameworks @loader_path/Frameworks";
				PRODUCT_BUNDLE_IDENTIFIER = marcyregalado.animalFarmUITests;
				PRODUCT_NAME = "$(TARGET_NAME)";
				TEST_TARGET_NAME = animalFarm;
				USES_XCTRUNNER = YES;
			};
			name = Debug;
		};
		DBEFD67A1B9CCA9E0045FCD1 /* Release */ = {
			isa = XCBuildConfiguration;
			buildSettings = {
				INFOPLIST_FILE = animalFarmUITests/Info.plist;
				LD_RUNPATH_SEARCH_PATHS = "$(inherited) @executable_path/Frameworks @loader_path/Frameworks";
				PRODUCT_BUNDLE_IDENTIFIER = marcyregalado.animalFarmUITests;
				PRODUCT_NAME = "$(TARGET_NAME)";
				TEST_TARGET_NAME = animalFarm;
				USES_XCTRUNNER = YES;
			};
			name = Release;
		};
/* End XCBuildConfiguration section */

/* Begin XCConfigurationList section */
		DBEFD6421B9CCA9E0045FCD1 /* Build configuration list for PBXProject "animalFarm" */ = {
			isa = XCConfigurationList;
			buildConfigurations = (
				DBEFD6701B9CCA9E0045FCD1 /* Debug */,
				DBEFD6711B9CCA9E0045FCD1 /* Release */,
			);
			defaultConfigurationIsVisible = 0;
			defaultConfigurationName = Release;
		};
		DBEFD6721B9CCA9E0045FCD1 /* Build configuration list for PBXNativeTarget "animalFarm" */ = {
			isa = XCConfigurationList;
			buildConfigurations = (
				DBEFD6731B9CCA9E0045FCD1 /* Debug */,
				DBEFD6741B9CCA9E0045FCD1 /* Release */,
			);
			defaultConfigurationIsVisible = 0;
			defaultConfigurationName = Release;
		};
		DBEFD6751B9CCA9E0045FCD1 /* Build configuration list for PBXNativeTarget "animalFarmTests" */ = {
			isa = XCConfigurationList;
			buildConfigurations = (
				DBEFD6761B9CCA9E0045FCD1 /* Debug */,
				DBEFD6771B9CCA9E0045FCD1 /* Release */,
			);
			defaultConfigurationIsVisible = 0;
			defaultConfigurationName = Release;
		};
		DBEFD6781B9CCA9E0045FCD1 /* Build configuration list for PBXNativeTarget "animalFarmUITests" */ = {
			isa = XCConfigurationList;
			buildConfigurations = (
				DBEFD6791B9CCA9E0045FCD1 /* Debug */,
				DBEFD67A1B9CCA9E0045FCD1 /* Release */,
			);
			defaultConfigurationIsVisible = 0;
			defaultConfigurationName = Release;
		};
/* End XCConfigurationList section */

/* Begin XCVersionGroup section */
		DBEFD6511B9CCA9E0045FCD1 /* animalFarm.xcdatamodeld */ = {
			isa = XCVersionGroup;
			children = (
				DBEFD6521B9CCA9E0045FCD1 /* animalFarm.xcdatamodel */,
			);
			currentVersion = DBEFD6521B9CCA9E0045FCD1 /* animalFarm.xcdatamodel */;
			path = animalFarm.xcdatamodeld;
			sourceTree = "<group>";
			versionGroupType = wrapper.xcdatamodel;
		};
/* End XCVersionGroup section */
	};
	rootObject = DBEFD63F1B9CCA9E0045FCD1 /* Project object */;
}
