// !$*UTF8*$!
{
	archiveVersion = 1;
	classes = {
	};
	objectVersion = 46;
	objects = {

/* Begin PBXBuildFile section */
		099F3CF41BA0759E00BB75CD /* AppDelegate.swift in Sources */ = {isa = PBXBuildFile; fileRef = 099F3CF31BA0759E00BB75CD /* AppDelegate.swift */; };
		099F3CF71BA0759E00BB75CD /* week5_lin.xcdatamodeld in Sources */ = {isa = PBXBuildFile; fileRef = 099F3CF51BA0759E00BB75CD /* week5_lin.xcdatamodeld */; };
		099F3CFC1BA0759E00BB75CD /* Main.storyboard in Resources */ = {isa = PBXBuildFile; fileRef = 099F3CFA1BA0759E00BB75CD /* Main.storyboard */; };
		099F3CFE1BA0759E00BB75CD /* Images.xcassets in Resources */ = {isa = PBXBuildFile; fileRef = 099F3CFD1BA0759E00BB75CD /* Images.xcassets */; };
		099F3D011BA0759E00BB75CD /* LaunchScreen.xib in Resources */ = {isa = PBXBuildFile; fileRef = 099F3CFF1BA0759E00BB75CD /* LaunchScreen.xib */; };
		099F3D0D1BA0759E00BB75CD /* week5_linTests.swift in Sources */ = {isa = PBXBuildFile; fileRef = 099F3D0C1BA0759E00BB75CD /* week5_linTests.swift */; };
		099F3D191BA0A67C00BB75CD /* ItemListCell.swift in Sources */ = {isa = PBXBuildFile; fileRef = 099F3D181BA0A67C00BB75CD /* ItemListCell.swift */; };
		099F3D1B1BA0A69900BB75CD /* ItemListTableViewController.swift in Sources */ = {isa = PBXBuildFile; fileRef = 099F3D1A1BA0A69900BB75CD /* ItemListTableViewController.swift */; };
		099F3D1D1BA0A6C500BB75CD /* AddItemViewController.swift in Sources */ = {isa = PBXBuildFile; fileRef = 099F3D1C1BA0A6C500BB75CD /* AddItemViewController.swift */; };
		099F3D1F1BA0B64500BB75CD /* CellDetailsViewController.swift in Sources */ = {isa = PBXBuildFile; fileRef = 099F3D1E1BA0B64500BB75CD /* CellDetailsViewController.swift */; };
/* End PBXBuildFile section */

/* Begin PBXContainerItemProxy section */
		099F3D071BA0759E00BB75CD /* PBXContainerItemProxy */ = {
			isa = PBXContainerItemProxy;
			containerPortal = 099F3CE61BA0759E00BB75CD /* Project object */;
			proxyType = 1;
			remoteGlobalIDString = 099F3CED1BA0759E00BB75CD;
			remoteInfo = "week5-lin";
		};
/* End PBXContainerItemProxy section */

/* Begin PBXFileReference section */
		099F3CEE1BA0759E00BB75CD /* week5-lin.app */ = {isa = PBXFileReference; explicitFileType = wrapper.application; includeInIndex = 0; path = "week5-lin.app"; sourceTree = BUILT_PRODUCTS_DIR; };
		099F3CF21BA0759E00BB75CD /* Info.plist */ = {isa = PBXFileReference; lastKnownFileType = text.plist.xml; path = Info.plist; sourceTree = "<group>"; };
		099F3CF31BA0759E00BB75CD /* AppDelegate.swift */ = {isa = PBXFileReference; lastKnownFileType = sourcecode.swift; path = AppDelegate.swift; sourceTree = "<group>"; };
		099F3CF61BA0759E00BB75CD /* week5_lin.xcdatamodel */ = {isa = PBXFileReference; lastKnownFileType = wrapper.xcdatamodel; path = week5_lin.xcdatamodel; sourceTree = "<group>"; };
		099F3CFB1BA0759E00BB75CD /* Base */ = {isa = PBXFileReference; lastKnownFileType = file.storyboard; name = Base; path = Base.lproj/Main.storyboard; sourceTree = "<group>"; };
		099F3CFD1BA0759E00BB75CD /* Images.xcassets */ = {isa = PBXFileReference; lastKnownFileType = folder.assetcatalog; path = Images.xcassets; sourceTree = "<group>"; };
		099F3D001BA0759E00BB75CD /* Base */ = {isa = PBXFileReference; lastKnownFileType = file.xib; name = Base; path = Base.lproj/LaunchScreen.xib; sourceTree = "<group>"; };
		099F3D061BA0759E00BB75CD /* week5-linTests.xctest */ = {isa = PBXFileReference; explicitFileType = wrapper.cfbundle; includeInIndex = 0; path = "week5-linTests.xctest"; sourceTree = BUILT_PRODUCTS_DIR; };
		099F3D0B1BA0759E00BB75CD /* Info.plist */ = {isa = PBXFileReference; lastKnownFileType = text.plist.xml; path = Info.plist; sourceTree = "<group>"; };
		099F3D0C1BA0759E00BB75CD /* week5_linTests.swift */ = {isa = PBXFileReference; lastKnownFileType = sourcecode.swift; path = week5_linTests.swift; sourceTree = "<group>"; };
		099F3D181BA0A67C00BB75CD /* ItemListCell.swift */ = {isa = PBXFileReference; fileEncoding = 4; lastKnownFileType = sourcecode.swift; path = ItemListCell.swift; sourceTree = "<group>"; };
		099F3D1A1BA0A69900BB75CD /* ItemListTableViewController.swift */ = {isa = PBXFileReference; fileEncoding = 4; lastKnownFileType = sourcecode.swift; path = ItemListTableViewController.swift; sourceTree = "<group>"; };
		099F3D1C1BA0A6C500BB75CD /* AddItemViewController.swift */ = {isa = PBXFileReference; fileEncoding = 4; lastKnownFileType = sourcecode.swift; path = AddItemViewController.swift; sourceTree = "<group>"; };
		099F3D1E1BA0B64500BB75CD /* CellDetailsViewController.swift */ = {isa = PBXFileReference; fileEncoding = 4; lastKnownFileType = sourcecode.swift; path = CellDetailsViewController.swift; sourceTree = "<group>"; };
/* End PBXFileReference section */

/* Begin PBXFrameworksBuildPhase section */
		099F3CEB1BA0759E00BB75CD /* Frameworks */ = {
			isa = PBXFrameworksBuildPhase;
			buildActionMask = 2147483647;
			files = (
			);
			runOnlyForDeploymentPostprocessing = 0;
		};
		099F3D031BA0759E00BB75CD /* Frameworks */ = {
			isa = PBXFrameworksBuildPhase;
			buildActionMask = 2147483647;
			files = (
			);
			runOnlyForDeploymentPostprocessing = 0;
		};
/* End PBXFrameworksBuildPhase section */

/* Begin PBXGroup section */
		099F3CE51BA0759E00BB75CD = {
			isa = PBXGroup;
			children = (
				099F3CF01BA0759E00BB75CD /* week5-lin */,
				099F3D091BA0759E00BB75CD /* week5-linTests */,
				099F3CEF1BA0759E00BB75CD /* Products */,
			);
			sourceTree = "<group>";
		};
		099F3CEF1BA0759E00BB75CD /* Products */ = {
			isa = PBXGroup;
			children = (
				099F3CEE1BA0759E00BB75CD /* week5-lin.app */,
				099F3D061BA0759E00BB75CD /* week5-linTests.xctest */,
			);
			name = Products;
			sourceTree = "<group>";
		};
		099F3CF01BA0759E00BB75CD /* week5-lin */ = {
			isa = PBXGroup;
			children = (
				099F3CF31BA0759E00BB75CD /* AppDelegate.swift */,
				099F3CFA1BA0759E00BB75CD /* Main.storyboard */,
				099F3CFD1BA0759E00BB75CD /* Images.xcassets */,
				099F3CFF1BA0759E00BB75CD /* LaunchScreen.xib */,
				099F3CF51BA0759E00BB75CD /* week5_lin.xcdatamodeld */,
				099F3CF11BA0759E00BB75CD /* Supporting Files */,
				099F3D1A1BA0A69900BB75CD /* ItemListTableViewController.swift */,
				099F3D181BA0A67C00BB75CD /* ItemListCell.swift */,
				099F3D1C1BA0A6C500BB75CD /* AddItemViewController.swift */,
				099F3D1E1BA0B64500BB75CD /* CellDetailsViewController.swift */,
			);
			path = "week5-lin";
			sourceTree = "<group>";
		};
		099F3CF11BA0759E00BB75CD /* Supporting Files */ = {
			isa = PBXGroup;
			children = (
				099F3CF21BA0759E00BB75CD /* Info.plist */,
			);
			name = "Supporting Files";
			sourceTree = "<group>";
		};
		099F3D091BA0759E00BB75CD /* week5-linTests */ = {
			isa = PBXGroup;
			children = (
				099F3D0C1BA0759E00BB75CD /* week5_linTests.swift */,
				099F3D0A1BA0759E00BB75CD /* Supporting Files */,
			);
			path = "week5-linTests";
			sourceTree = "<group>";
		};
		099F3D0A1BA0759E00BB75CD /* Supporting Files */ = {
			isa = PBXGroup;
			children = (
				099F3D0B1BA0759E00BB75CD /* Info.plist */,
			);
			name = "Supporting Files";
			sourceTree = "<group>";
		};
/* End PBXGroup section */

/* Begin PBXNativeTarget section */
		099F3CED1BA0759E00BB75CD /* week5-lin */ = {
			isa = PBXNativeTarget;
			buildConfigurationList = 099F3D101BA0759E00BB75CD /* Build configuration list for PBXNativeTarget "week5-lin" */;
			buildPhases = (
				099F3CEA1BA0759E00BB75CD /* Sources */,
				099F3CEB1BA0759E00BB75CD /* Frameworks */,
				099F3CEC1BA0759E00BB75CD /* Resources */,
			);
			buildRules = (
			);
			dependencies = (
			);
			name = "week5-lin";
			productName = "week5-lin";
			productReference = 099F3CEE1BA0759E00BB75CD /* week5-lin.app */;
			productType = "com.apple.product-type.application";
		};
		099F3D051BA0759E00BB75CD /* week5-linTests */ = {
			isa = PBXNativeTarget;
			buildConfigurationList = 099F3D131BA0759E00BB75CD /* Build configuration list for PBXNativeTarget "week5-linTests" */;
			buildPhases = (
				099F3D021BA0759E00BB75CD /* Sources */,
				099F3D031BA0759E00BB75CD /* Frameworks */,
				099F3D041BA0759E00BB75CD /* Resources */,
			);
			buildRules = (
			);
			dependencies = (
				099F3D081BA0759E00BB75CD /* PBXTargetDependency */,
			);
			name = "week5-linTests";
			productName = "week5-linTests";
			productReference = 099F3D061BA0759E00BB75CD /* week5-linTests.xctest */;
			productType = "com.apple.product-type.bundle.unit-test";
		};
/* End PBXNativeTarget section */

/* Begin PBXProject section */
		099F3CE61BA0759E00BB75CD /* Project object */ = {
			isa = PBXProject;
			attributes = {
				LastUpgradeCheck = 0640;
				ORGANIZATIONNAME = "Bo-Huei Lin";
				TargetAttributes = {
					099F3CED1BA0759E00BB75CD = {
						CreatedOnToolsVersion = 6.4;
					};
					099F3D051BA0759E00BB75CD = {
						CreatedOnToolsVersion = 6.4;
						TestTargetID = 099F3CED1BA0759E00BB75CD;
					};
				};
			};
			buildConfigurationList = 099F3CE91BA0759E00BB75CD /* Build configuration list for PBXProject "week5-lin" */;
			compatibilityVersion = "Xcode 3.2";
			developmentRegion = English;
			hasScannedForEncodings = 0;
			knownRegions = (
				en,
				Base,
			);
			mainGroup = 099F3CE51BA0759E00BB75CD;
			productRefGroup = 099F3CEF1BA0759E00BB75CD /* Products */;
			projectDirPath = "";
			projectRoot = "";
			targets = (
				099F3CED1BA0759E00BB75CD /* week5-lin */,
				099F3D051BA0759E00BB75CD /* week5-linTests */,
			);
		};
/* End PBXProject section */

/* Begin PBXResourcesBuildPhase section */
		099F3CEC1BA0759E00BB75CD /* Resources */ = {
			isa = PBXResourcesBuildPhase;
			buildActionMask = 2147483647;
			files = (
				099F3CFC1BA0759E00BB75CD /* Main.storyboard in Resources */,
				099F3D011BA0759E00BB75CD /* LaunchScreen.xib in Resources */,
				099F3CFE1BA0759E00BB75CD /* Images.xcassets in Resources */,
			);
			runOnlyForDeploymentPostprocessing = 0;
		};
		099F3D041BA0759E00BB75CD /* Resources */ = {
			isa = PBXResourcesBuildPhase;
			buildActionMask = 2147483647;
			files = (
			);
			runOnlyForDeploymentPostprocessing = 0;
		};
/* End PBXResourcesBuildPhase section */

/* Begin PBXSourcesBuildPhase section */
		099F3CEA1BA0759E00BB75CD /* Sources */ = {
			isa = PBXSourcesBuildPhase;
			buildActionMask = 2147483647;
			files = (
				099F3D1B1BA0A69900BB75CD /* ItemListTableViewController.swift in Sources */,
				099F3CF41BA0759E00BB75CD /* AppDelegate.swift in Sources */,
				099F3D1F1BA0B64500BB75CD /* CellDetailsViewController.swift in Sources */,
				099F3CF71BA0759E00BB75CD /* week5_lin.xcdatamodeld in Sources */,
				099F3D191BA0A67C00BB75CD /* ItemListCell.swift in Sources */,
				099F3D1D1BA0A6C500BB75CD /* AddItemViewController.swift in Sources */,
			);
			runOnlyForDeploymentPostprocessing = 0;
		};
		099F3D021BA0759E00BB75CD /* Sources */ = {
			isa = PBXSourcesBuildPhase;
			buildActionMask = 2147483647;
			files = (
				099F3D0D1BA0759E00BB75CD /* week5_linTests.swift in Sources */,
			);
			runOnlyForDeploymentPostprocessing = 0;
		};
/* End PBXSourcesBuildPhase section */

/* Begin PBXTargetDependency section */
		099F3D081BA0759E00BB75CD /* PBXTargetDependency */ = {
			isa = PBXTargetDependency;
			target = 099F3CED1BA0759E00BB75CD /* week5-lin */;
			targetProxy = 099F3D071BA0759E00BB75CD /* PBXContainerItemProxy */;
		};
/* End PBXTargetDependency section */

/* Begin PBXVariantGroup section */
		099F3CFA1BA0759E00BB75CD /* Main.storyboard */ = {
			isa = PBXVariantGroup;
			children = (
				099F3CFB1BA0759E00BB75CD /* Base */,
			);
			name = Main.storyboard;
			sourceTree = "<group>";
		};
		099F3CFF1BA0759E00BB75CD /* LaunchScreen.xib */ = {
			isa = PBXVariantGroup;
			children = (
				099F3D001BA0759E00BB75CD /* Base */,
			);
			name = LaunchScreen.xib;
			sourceTree = "<group>";
		};
/* End PBXVariantGroup section */

/* Begin XCBuildConfiguration section */
		099F3D0E1BA0759E00BB75CD /* Debug */ = {
			isa = XCBuildConfiguration;
			buildSettings = {
				ALWAYS_SEARCH_USER_PATHS = NO;
				CLANG_CXX_LANGUAGE_STANDARD = "gnu++0x";
				CLANG_CXX_LIBRARY = "libc++";
				CLANG_ENABLE_MODULES = YES;
				CLANG_ENABLE_OBJC_ARC = YES;
				CLANG_WARN_BOOL_CONVERSION = YES;
				CLANG_WARN_CONSTANT_CONVERSION = YES;
				CLANG_WARN_DIRECT_OBJC_ISA_USAGE = YES_ERROR;
				CLANG_WARN_EMPTY_BODY = YES;
				CLANG_WARN_ENUM_CONVERSION = YES;
				CLANG_WARN_INT_CONVERSION = YES;
				CLANG_WARN_OBJC_ROOT_CLASS = YES_ERROR;
				CLANG_WARN_UNREACHABLE_CODE = YES;
				CLANG_WARN__DUPLICATE_METHOD_MATCH = YES;
				"CODE_SIGN_IDENTITY[sdk=iphoneos*]" = "iPhone Developer";
				COPY_PHASE_STRIP = NO;
				DEBUG_INFORMATION_FORMAT = "dwarf-with-dsym";
				ENABLE_STRICT_OBJC_MSGSEND = YES;
				GCC_C_LANGUAGE_STANDARD = gnu99;
				GCC_DYNAMIC_NO_PIC = NO;
				GCC_NO_COMMON_BLOCKS = YES;
				GCC_OPTIMIZATION_LEVEL = 0;
				GCC_PREPROCESSOR_DEFINITIONS = (
					"DEBUG=1",
					"$(inherited)",
				);
				GCC_SYMBOLS_PRIVATE_EXTERN = NO;
				GCC_WARN_64_TO_32_BIT_CONVERSION = YES;
				GCC_WARN_ABOUT_RETURN_TYPE = YES_ERROR;
				GCC_WARN_UNDECLARED_SELECTOR = YES;
				GCC_WARN_UNINITIALIZED_AUTOS = YES_AGGRESSIVE;
				GCC_WARN_UNUSED_FUNCTION = YES;
				GCC_WARN_UNUSED_VARIABLE = YES;
				IPHONEOS_DEPLOYMENT_TARGET = 8.4;
				MTL_ENABLE_DEBUG_INFO = YES;
				ONLY_ACTIVE_ARCH = YES;
				SDKROOT = iphoneos;
				SWIFT_OPTIMIZATION_LEVEL = "-Onone";
				TARGETED_DEVICE_FAMILY = "1,2";
			};
			name = Debug;
		};
		099F3D0F1BA0759E00BB75CD /* Release */ = {
			isa = XCBuildConfiguration;
			buildSettings = {
				ALWAYS_SEARCH_USER_PATHS = NO;
				CLANG_CXX_LANGUAGE_STANDARD = "gnu++0x";
				CLANG_CXX_LIBRARY = "libc++";
				CLANG_ENABLE_MODULES = YES;
				CLANG_ENABLE_OBJC_ARC = YES;
				CLANG_WARN_BOOL_CONVERSION = YES;
				CLANG_WARN_CONSTANT_CONVERSION = YES;
				CLANG_WARN_DIRECT_OBJC_ISA_USAGE = YES_ERROR;
				CLANG_WARN_EMPTY_BODY = YES;
				CLANG_WARN_ENUM_CONVERSION = YES;
				CLANG_WARN_INT_CONVERSION = YES;
				CLANG_WARN_OBJC_ROOT_CLASS = YES_ERROR;
				CLANG_WARN_UNREACHABLE_CODE = YES;
				CLANG_WARN__DUPLICATE_METHOD_MATCH = YES;
				"CODE_SIGN_IDENTITY[sdk=iphoneos*]" = "iPhone Developer";
				COPY_PHASE_STRIP = NO;
				DEBUG_INFORMATION_FORMAT = "dwarf-with-dsym";
				ENABLE_NS_ASSERTIONS = NO;
				ENABLE_STRICT_OBJC_MSGSEND = YES;
				GCC_C_LANGUAGE_STANDARD = gnu99;
				GCC_NO_COMMON_BLOCKS = YES;
				GCC_WARN_64_TO_32_BIT_CONVERSION = YES;
				GCC_WARN_ABOUT_RETURN_TYPE = YES_ERROR;
				GCC_WARN_UNDECLARED_SELECTOR = YES;
				GCC_WARN_UNINITIALIZED_AUTOS = YES_AGGRESSIVE;
				GCC_WARN_UNUSED_FUNCTION = YES;
				GCC_WARN_UNUSED_VARIABLE = YES;
				IPHONEOS_DEPLOYMENT_TARGET = 8.4;
				MTL_ENABLE_DEBUG_INFO = NO;
				SDKROOT = iphoneos;
				TARGETED_DEVICE_FAMILY = "1,2";
				VALIDATE_PRODUCT = YES;
			};
			name = Release;
		};
		099F3D111BA0759E00BB75CD /* Debug */ = {
			isa = XCBuildConfiguration;
			buildSettings = {
				ASSETCATALOG_COMPILER_APPICON_NAME = AppIcon;
				INFOPLIST_FILE = "week5-lin/Info.plist";
				LD_RUNPATH_SEARCH_PATHS = "$(inherited) @executable_path/Frameworks";
				PRODUCT_NAME = "$(TARGET_NAME)";
			};
			name = Debug;
		};
		099F3D121BA0759E00BB75CD /* Release */ = {
			isa = XCBuildConfiguration;
			buildSettings = {
				ASSETCATALOG_COMPILER_APPICON_NAME = AppIcon;
				INFOPLIST_FILE = "week5-lin/Info.plist";
				LD_RUNPATH_SEARCH_PATHS = "$(inherited) @executable_path/Frameworks";
				PRODUCT_NAME = "$(TARGET_NAME)";
			};
			name = Release;
		};
		099F3D141BA0759E00BB75CD /* Debug */ = {
			isa = XCBuildConfiguration;
			buildSettings = {
				BUNDLE_LOADER = "$(TEST_HOST)";
				FRAMEWORK_SEARCH_PATHS = (
					"$(SDKROOT)/Developer/Library/Frameworks",
					"$(inherited)",
				);
				GCC_PREPROCESSOR_DEFINITIONS = (
					"DEBUG=1",
					"$(inherited)",
				);
				INFOPLIST_FILE = "week5-linTests/Info.plist";
				LD_RUNPATH_SEARCH_PATHS = "$(inherited) @executable_path/Frameworks @loader_path/Frameworks";
				PRODUCT_NAME = "$(TARGET_NAME)";
				TEST_HOST = "$(BUILT_PRODUCTS_DIR)/week5-lin.app/week5-lin";
			};
			name = Debug;
		};
		099F3D151BA0759E00BB75CD /* Release */ = {
			isa = XCBuildConfiguration;
			buildSettings = {
				BUNDLE_LOADER = "$(TEST_HOST)";
				FRAMEWORK_SEARCH_PATHS = (
					"$(SDKROOT)/Developer/Library/Frameworks",
					"$(inherited)",
				);
				INFOPLIST_FILE = "week5-linTests/Info.plist";
				LD_RUNPATH_SEARCH_PATHS = "$(inherited) @executable_path/Frameworks @loader_path/Frameworks";
				PRODUCT_NAME = "$(TARGET_NAME)";
				TEST_HOST = "$(BUILT_PRODUCTS_DIR)/week5-lin.app/week5-lin";
			};
			name = Release;
		};
/* End XCBuildConfiguration section */

/* Begin XCConfigurationList section */
		099F3CE91BA0759E00BB75CD /* Build configuration list for PBXProject "week5-lin" */ = {
			isa = XCConfigurationList;
			buildConfigurations = (
				099F3D0E1BA0759E00BB75CD /* Debug */,
				099F3D0F1BA0759E00BB75CD /* Release */,
			);
			defaultConfigurationIsVisible = 0;
			defaultConfigurationName = Release;
		};
		099F3D101BA0759E00BB75CD /* Build configuration list for PBXNativeTarget "week5-lin" */ = {
			isa = XCConfigurationList;
			buildConfigurations = (
				099F3D111BA0759E00BB75CD /* Debug */,
				099F3D121BA0759E00BB75CD /* Release */,
			);
			defaultConfigurationIsVisible = 0;
			defaultConfigurationName = Release;
		};
		099F3D131BA0759E00BB75CD /* Build configuration list for PBXNativeTarget "week5-linTests" */ = {
			isa = XCConfigurationList;
			buildConfigurations = (
				099F3D141BA0759E00BB75CD /* Debug */,
				099F3D151BA0759E00BB75CD /* Release */,
			);
			defaultConfigurationIsVisible = 0;
			defaultConfigurationName = Release;
		};
/* End XCConfigurationList section */

/* Begin XCVersionGroup section */
		099F3CF51BA0759E00BB75CD /* week5_lin.xcdatamodeld */ = {
			isa = XCVersionGroup;
			children = (
				099F3CF61BA0759E00BB75CD /* week5_lin.xcdatamodel */,
			);
			currentVersion = 099F3CF61BA0759E00BB75CD /* week5_lin.xcdatamodel */;
			path = week5_lin.xcdatamodeld;
			sourceTree = "<group>";
			versionGroupType = wrapper.xcdatamodel;
		};
/* End XCVersionGroup section */
	};
	rootObject = 099F3CE61BA0759E00BB75CD /* Project object */;
}
